
Microsoft Visual Studio Solution File, Format Version 12.00
# Visual Studio Version 16
VisualStudioVersion = 16.0.810.11
MinimumVisualStudioVersion = 10.0.40219.1
Project("{FAE04EC0-301F-11D3-BF4B-00C04F79EFBC}") = "AwesomeApp.Android", "AwesomeApp.Android\AwesomeApp.Android.csproj", "{D5704F3A-FF58-4788-BAC8-2679969716A4}"
EndProject
Project("{FAE04EC0-301F-11D3-BF4B-00C04F79EFBC}") = "AwesomeApp.iOS", "AwesomeApp.iOS\AwesomeApp.iOS.csproj", "{8862A043-1850-44A4-ACA8-3BF7E9C61E06}"
EndProject
Project("{FAE04EC0-301F-11D3-BF4B-00C04F79EFBC}") = "AwesomeApp", "AwesomeApp\AwesomeApp.csproj", "{9BB6DB1E-3436-443E-93E3-F28AF2A5090E}"
EndProject
Global
	GlobalSection(SolutionConfigurationPlatforms) = preSolution
		Debug|Any CPU = Debug|Any CPU
		Release|Any CPU = Release|Any CPU
		Debug|iPhoneSimulator = Debug|iPhoneSimulator
		Release|iPhoneSimulator = Release|iPhoneSimulator
		Debug|iPhone = Debug|iPhone
		Release|iPhone = Release|iPhone
	EndGlobalSection
	GlobalSection(ProjectConfigurationPlatforms) = postSolution
		{D5704F3A-FF58-4788-BAC8-2679969716A4}.Debug|Any CPU.ActiveCfg = Debug|Any CPU
		{D5704F3A-FF58-4788-BAC8-2679969716A4}.Debug|Any CPU.Build.0 = Debug|Any CPU
		{D5704F3A-FF58-4788-BAC8-2679969716A4}.Release|Any CPU.ActiveCfg = Release|Any CPU
		{D5704F3A-FF58-4788-BAC8-2679969716A4}.Release|Any CPU.Build.0 = Release|Any CPU
		{D5704F3A-FF58-4788-BAC8-2679969716A4}.Debug|iPhoneSimulator.ActiveCfg = Debug|Any CPU
		{D5704F3A-FF58-4788-BAC8-2679969716A4}.Debug|iPhoneSimulator.Build.0 = Debug|Any CPU
		{D5704F3A-FF58-4788-BAC8-2679969716A4}.Release|iPhoneSimulator.ActiveCfg = Release|Any CPU
		{D5704F3A-FF58-4788-BAC8-2679969716A4}.Release|iPhoneSimulator.Build.0 = Release|Any CPU
		{D5704F3A-FF58-4788-BAC8-2679969716A4}.Debug|iPhone.ActiveCfg = Debug|Any CPU
		{D5704F3A-FF58-4788-BAC8-2679969716A4}.Debug|iPhone.Build.0 = Debug|Any CPU
		{D5704F3A-FF58-4788-BAC8-2679969716A4}.Release|iPhone.ActiveCfg = Release|Any CPU
		{D5704F3A-FF58-4788-BAC8-2679969716A4}.Release|iPhone.Build.0 = Release|Any CPU
		{8862A043-1850-44A4-ACA8-3BF7E9C61E06}.Debug|Any CPU.ActiveCfg = Debug|iPhoneSimulator
		{8862A043-1850-44A4-ACA8-3BF7E9C61E06}.Debug|Any CPU.Build.0 = Debug|iPhoneSimulator
		{8862A043-1850-44A4-ACA8-3BF7E9C61E06}.Release|Any CPU.ActiveCfg = Release|iPhoneSimulator
		{8862A043-1850-44A4-ACA8-3BF7E9C61E06}.Release|Any CPU.Build.0 = Release|iPhoneSimulator
		{8862A043-1850-44A4-ACA8-3BF7E9C61E06}.Debug|iPhoneSimulator.ActiveCfg = Debug|iPhoneSimulator
		{8862A043-1850-44A4-ACA8-3BF7E9C61E06}.Debug|iPhoneSimulator.Build.0 = Debug|iPhoneSimulator
		{8862A043-1850-44A4-ACA8-3BF7E9C61E06}.Release|iPhoneSimulator.ActiveCfg = Release|iPhoneSimulator
		{8862A043-1850-44A4-ACA8-3BF7E9C61E06}.Release|iPhoneSimulator.Build.0 = Release|iPhoneSimulator
		{8862A043-1850-44A4-ACA8-3BF7E9C61E06}.Debug|iPhone.ActiveCfg = Debug|iPhone
		{8862A043-1850-44A4-ACA8-3BF7E9C61E06}.Debug|iPhone.Build.0 = Debug|iPhone
		{8862A043-1850-44A4-ACA8-3BF7E9C61E06}.Release|iPhone.ActiveCfg = Release|iPhone
		{8862A043-1850-44A4-ACA8-3BF7E9C61E06}.Release|iPhone.Build.0 = Release|iPhone
		{9BB6DB1E-3436-443E-93E3-F28AF2A5090E}.Debug|Any CPU.ActiveCfg = Debug|Any CPU
		{9BB6DB1E-3436-443E-93E3-F28AF2A5090E}.Debug|Any CPU.Build.0 = Debug|Any CPU
		{9BB6DB1E-3436-443E-93E3-F28AF2A5090E}.Release|Any CPU.ActiveCfg = Release|Any CPU
		{9BB6DB1E-3436-443E-93E3-F28AF2A5090E}.Release|Any CPU.Build.0 = Release|Any CPU
		{9BB6DB1E-3436-443E-93E3-F28AF2A5090E}.Debug|iPhoneSimulator.ActiveCfg = Debug|Any CPU
		{9BB6DB1E-3436-443E-93E3-F28AF2A5090E}.Debug|iPhoneSimulator.Build.0 = Debug|Any CPU
		{9BB6DB1E-3436-443E-93E3-F28AF2A5090E}.Release|iPhoneSimulator.ActiveCfg = Release|Any CPU
		{9BB6DB1E-3436-443E-93E3-F28AF2A5090E}.Release|iPhoneSimulator.Build.0 = Release|Any CPU
		{9BB6DB1E-3436-443E-93E3-F28AF2A5090E}.Debug|iPhone.ActiveCfg = Debug|Any CPU
		{9BB6DB1E-3436-443E-93E3-F28AF2A5090E}.Debug|iPhone.Build.0 = Debug|Any CPU
		{9BB6DB1E-3436-443E-93E3-F28AF2A5090E}.Release|iPhone.ActiveCfg = Release|Any CPU
		{9BB6DB1E-3436-443E-93E3-F28AF2A5090E}.Release|iPhone.Build.0 = Release|Any CPU
	EndGlobalSection
	GlobalSection(SolutionProperties) = preSolution
		HideSolutionNode = FALSE
	EndGlobalSection
	GlobalSection(ExtensibilityGlobals) = postSolution
		SolutionGuid = {1D5109B1-1FCF-4F1F-9D8B-6A11F1F7F0DE}
	EndGlobalSection
EndGlobal
